
Microsoft Visual Studio Solution File, Format Version 12.00
# Visual Studio Version 17
VisualStudioVersion = 17.2.32526.322
MinimumVisualStudioVersion = 10.0.40219.1
Project("{FAE04EC0-301F-11D3-BF4B-00C04F79EFBC}") = "FayElf.API", "FayElf.API\FayElf.API.csproj", "{65008662-37BE-40E2-893F-89D55EB02030}"
EndProject
Project("{FAE04EC0-301F-11D3-BF4B-00C04F79EFBC}") = "FayElf.Models", "FayElf.Models\FayElf.Models.csproj", "{EABEFC2F-D6C9-4403-86AA-DF9F6AA2328E}"
EndProject
Project("{FAE04EC0-301F-11D3-BF4B-00C04F79EFBC}") = "FayElf.Common", "FayElf.Common\FayElf.Common.csproj", "{61161146-7EE6-4648-8122-3B403C4CD3A5}"
EndProject
Project("{FAE04EC0-301F-11D3-BF4B-00C04F79EFBC}") = "FayElf.Extensions", "FayElf.Extensions\FayElf.Extensions.csproj", "{E689B3AF-EAE2-4E40-BA34-D5FD905CA733}"
EndProject
Project("{FAE04EC0-301F-11D3-BF4B-00C04F79EFBC}") = "FayElf.Services", "FayElf.Services\FayElf.Services.csproj", "{0161D2F0-6DC0-43D5-9457-EC8DDF3A2A7A}"
EndProject
Global
	GlobalSection(SolutionConfigurationPlatforms) = preSolution
		Debug|Any CPU = Debug|Any CPU
		Release|Any CPU = Release|Any CPU
	EndGlobalSection
	GlobalSection(ProjectConfigurationPlatforms) = postSolution
		{65008662-37BE-40E2-893F-89D55EB02030}.Debug|Any CPU.ActiveCfg = Debug|Any CPU
		{65008662-37BE-40E2-893F-89D55EB02030}.Debug|Any CPU.Build.0 = Debug|Any CPU
		{65008662-37BE-40E2-893F-89D55EB02030}.Release|Any CPU.ActiveCfg = Release|Any CPU
		{65008662-37BE-40E2-893F-89D55EB02030}.Release|Any CPU.Build.0 = Release|Any CPU
		{EABEFC2F-D6C9-4403-86AA-DF9F6AA2328E}.Debug|Any CPU.ActiveCfg = Debug|Any CPU
		{EABEFC2F-D6C9-4403-86AA-DF9F6AA2328E}.Debug|Any CPU.Build.0 = Debug|Any CPU
		{EABEFC2F-D6C9-4403-86AA-DF9F6AA2328E}.Release|Any CPU.ActiveCfg = Release|Any CPU
		{EABEFC2F-D6C9-4403-86AA-DF9F6AA2328E}.Release|Any CPU.Build.0 = Release|Any CPU
		{61161146-7EE6-4648-8122-3B403C4CD3A5}.Debug|Any CPU.ActiveCfg = Debug|Any CPU
		{61161146-7EE6-4648-8122-3B403C4CD3A5}.Debug|Any CPU.Build.0 = Debug|Any CPU
		{61161146-7EE6-4648-8122-3B403C4CD3A5}.Release|Any CPU.ActiveCfg = Release|Any CPU
		{61161146-7EE6-4648-8122-3B403C4CD3A5}.Release|Any CPU.Build.0 = Release|Any CPU
		{E689B3AF-EAE2-4E40-BA34-D5FD905CA733}.Debug|Any CPU.ActiveCfg = Debug|Any CPU
		{E689B3AF-EAE2-4E40-BA34-D5FD905CA733}.Debug|Any CPU.Build.0 = Debug|Any CPU
		{E689B3AF-EAE2-4E40-BA34-D5FD905CA733}.Release|Any CPU.ActiveCfg = Release|Any CPU
		{E689B3AF-EAE2-4E40-BA34-D5FD905CA733}.Release|Any CPU.Build.0 = Release|Any CPU
		{0161D2F0-6DC0-43D5-9457-EC8DDF3A2A7A}.Debug|Any CPU.ActiveCfg = Debug|Any CPU
		{0161D2F0-6DC0-43D5-9457-EC8DDF3A2A7A}.Debug|Any CPU.Build.0 = Debug|Any CPU
		{0161D2F0-6DC0-43D5-9457-EC8DDF3A2A7A}.Release|Any CPU.ActiveCfg = Release|Any CPU
		{0161D2F0-6DC0-43D5-9457-EC8DDF3A2A7A}.Release|Any CPU.Build.0 = Release|Any CPU
	EndGlobalSection
	GlobalSection(SolutionProperties) = preSolution
		HideSolutionNode = FALSE
	EndGlobalSection
	GlobalSection(ExtensibilityGlobals) = postSolution
		SolutionGuid = {30BD4C98-1A48-4C0B-A062-A43D54264578}
	EndGlobalSection
EndGlobal
